// !$*UTF8*$!
{
	archiveVersion = 1;
	classes = {
	};
	objectVersion = 54;
	objects = {

/* Begin PBXBuildFile section */
		A001 /* GemQuestBattleApp.swift in Sources */ = {isa = PBXBuildFile; fileRef = B001 /* GemQuestBattleApp.swift */; };
		A002 /* RootView.swift in Sources */ = {isa = PBXBuildFile; fileRef = B002 /* RootView.swift */; };
		A003 /* Assets.xcassets in Resources */ = {isa = PBXBuildFile; fileRef = B003 /* Assets.xcassets */; };
		A004 /* SeededRNG.swift in Sources */ = {isa = PBXBuildFile; fileRef = B004 /* SeededRNG.swift */; };
		A005 /* BrandColors.swift in Sources */ = {isa = PBXBuildFile; fileRef = B005 /* BrandColors.swift */; };
		A006 /* CustomShapes.swift in Sources */ = {isa = PBXBuildFile; fileRef = B006 /* CustomShapes.swift */; };
		A007 /* GameContent.swift in Sources */ = {isa = PBXBuildFile; fileRef = B007 /* GameContent.swift */; };
		A008 /* SaveStore.swift in Sources */ = {isa = PBXBuildFile; fileRef = B008 /* SaveStore.swift */; };
		A009 /* BoardEngine.swift in Sources */ = {isa = PBXBuildFile; fileRef = B009 /* BoardEngine.swift */; };
		A010 /* BattleViewModel.swift in Sources */ = {isa = PBXBuildFile; fileRef = B010 /* BattleViewModel.swift */; };
		A011 /* SharedUI.swift in Sources */ = {isa = PBXBuildFile; fileRef = B011 /* SharedUI.swift */; };
		A012 /* WorldMapView.swift in Sources */ = {isa = PBXBuildFile; fileRef = B012 /* WorldMapView.swift */; };
		A013 /* BattleView.swift in Sources */ = {isa = PBXBuildFile; fileRef = B013 /* BattleView.swift */; };
		A014 /* BoardView.swift in Sources */ = {isa = PBXBuildFile; fileRef = B014 /* BoardView.swift */; };
		A015 /* ResultOverlay.swift in Sources */ = {isa = PBXBuildFile; fileRef = B015 /* ResultOverlay.swift */; };
		A016 /* HeroView.swift in Sources */ = {isa = PBXBuildFile; fileRef = B016 /* HeroView.swift */; };
		A017 /* InventoryView.swift in Sources */ = {isa = PBXBuildFile; fileRef = B017 /* InventoryView.swift */; };
		A018 /* ShopView.swift in Sources */ = {isa = PBXBuildFile; fileRef = B018 /* ShopView.swift */; };
		A019 /* BestiaryView.swift in Sources */ = {isa = PBXBuildFile; fileRef = B019 /* BestiaryView.swift */; };
		A020 /* SettingsView.swift in Sources */ = {isa = PBXBuildFile; fileRef = B020 /* SettingsView.swift */; };
		A021 /* OnboardingView.swift in Sources */ = {isa = PBXBuildFile; fileRef = B021 /* OnboardingView.swift */; };
		A022 /* GemQuestBattleWebPanel.swift in Sources */ = {isa = PBXBuildFile; fileRef = B022 /* GemQuestBattleWebPanel.swift */; };
		A023 /* GemQuestBattleLoadingScreen.swift in Sources */ = {isa = PBXBuildFile; fileRef = B023 /* GemQuestBattleLoadingScreen.swift */; };
/* End PBXBuildFile section */

/* Begin PBXFileReference section */
		B001 /* GemQuestBattleApp.swift */ = {isa = PBXFileReference; lastKnownFileType = sourcecode.swift; path = GemQuestBattleApp.swift; sourceTree = "<group>"; };
		B002 /* RootView.swift */ = {isa = PBXFileReference; lastKnownFileType = sourcecode.swift; path = RootView.swift; sourceTree = "<group>"; };
		B003 /* Assets.xcassets */ = {isa = PBXFileReference; lastKnownFileType = folder.assetcatalog; path = Assets.xcassets; sourceTree = "<group>"; };
		B004 /* SeededRNG.swift */ = {isa = PBXFileReference; lastKnownFileType = sourcecode.swift; path = SeededRNG.swift; sourceTree = "<group>"; };
		B005 /* BrandColors.swift */ = {isa = PBXFileReference; lastKnownFileType = sourcecode.swift; path = BrandColors.swift; sourceTree = "<group>"; };
		B006 /* CustomShapes.swift */ = {isa = PBXFileReference; lastKnownFileType = sourcecode.swift; path = CustomShapes.swift; sourceTree = "<group>"; };
		B007 /* GameContent.swift */ = {isa = PBXFileReference; lastKnownFileType = sourcecode.swift; path = GameContent.swift; sourceTree = "<group>"; };
		B008 /* SaveStore.swift */ = {isa = PBXFileReference; lastKnownFileType = sourcecode.swift; path = SaveStore.swift; sourceTree = "<group>"; };
		B009 /* BoardEngine.swift */ = {isa = PBXFileReference; lastKnownFileType = sourcecode.swift; path = BoardEngine.swift; sourceTree = "<group>"; };
		B010 /* BattleViewModel.swift */ = {isa = PBXFileReference; lastKnownFileType = sourcecode.swift; path = BattleViewModel.swift; sourceTree = "<group>"; };
		B011 /* SharedUI.swift */ = {isa = PBXFileReference; lastKnownFileType = sourcecode.swift; path = SharedUI.swift; sourceTree = "<group>"; };
		B012 /* WorldMapView.swift */ = {isa = PBXFileReference; lastKnownFileType = sourcecode.swift; path = WorldMapView.swift; sourceTree = "<group>"; };
		B013 /* BattleView.swift */ = {isa = PBXFileReference; lastKnownFileType = sourcecode.swift; path = BattleView.swift; sourceTree = "<group>"; };
		B014 /* BoardView.swift */ = {isa = PBXFileReference; lastKnownFileType = sourcecode.swift; path = BoardView.swift; sourceTree = "<group>"; };
		B015 /* ResultOverlay.swift */ = {isa = PBXFileReference; lastKnownFileType = sourcecode.swift; path = ResultOverlay.swift; sourceTree = "<group>"; };
		B016 /* HeroView.swift */ = {isa = PBXFileReference; lastKnownFileType = sourcecode.swift; path = HeroView.swift; sourceTree = "<group>"; };
		B017 /* InventoryView.swift */ = {isa = PBXFileReference; lastKnownFileType = sourcecode.swift; path = InventoryView.swift; sourceTree = "<group>"; };
		B018 /* ShopView.swift */ = {isa = PBXFileReference; lastKnownFileType = sourcecode.swift; path = ShopView.swift; sourceTree = "<group>"; };
		B019 /* BestiaryView.swift */ = {isa = PBXFileReference; lastKnownFileType = sourcecode.swift; path = BestiaryView.swift; sourceTree = "<group>"; };
		B020 /* SettingsView.swift */ = {isa = PBXFileReference; lastKnownFileType = sourcecode.swift; path = SettingsView.swift; sourceTree = "<group>"; };
		B021 /* OnboardingView.swift */ = {isa = PBXFileReference; lastKnownFileType = sourcecode.swift; path = OnboardingView.swift; sourceTree = "<group>"; };
		B022 /* GemQuestBattleWebPanel.swift */ = {isa = PBXFileReference; lastKnownFileType = sourcecode.swift; path = GemQuestBattleWebPanel.swift; sourceTree = "<group>"; };
		B023 /* GemQuestBattleLoadingScreen.swift */ = {isa = PBXFileReference; lastKnownFileType = sourcecode.swift; path = GemQuestBattleLoadingScreen.swift; sourceTree = "<group>"; };
		C001 /* Gem Quest Battle.app */ = {isa = PBXFileReference; explicitFileType = wrapper.application; includeInIndex = 0; path = "Gem Quest Battle.app"; sourceTree = BUILT_PRODUCTS_DIR; };
		C002 /* Info.plist */ = {isa = PBXFileReference; lastKnownFileType = text.plist.xml; path = Info.plist; sourceTree = "<group>"; };
/* End PBXFileReference section */

/* Begin PBXFrameworksBuildPhase section */
		D001 /* Frameworks */ = {
			isa = PBXFrameworksBuildPhase;
			buildActionMask = 2147483647;
			files = (
			);
			runOnlyForDeploymentPostprocessing = 0;
		};
/* End PBXFrameworksBuildPhase section */

/* Begin PBXGroup section */
		E001 = {
			isa = PBXGroup;
			children = (
				E003 /* Gem Quest Battle */,
				E002 /* Products */,
			);
			sourceTree = "<group>";
		};
		E002 /* Products */ = {
			isa = PBXGroup;
			children = (
				C001 /* Gem Quest Battle.app */,
			);
			name = Products;
			sourceTree = "<group>";
		};
		E003 /* Gem Quest Battle */ = {
			isa = PBXGroup;
			children = (
				B001 /* GemQuestBattleApp.swift */,
				B002 /* RootView.swift */,
				B004 /* SeededRNG.swift */,
				B005 /* BrandColors.swift */,
				B006 /* CustomShapes.swift */,
				B007 /* GameContent.swift */,
				B008 /* SaveStore.swift */,
				B009 /* BoardEngine.swift */,
				B010 /* BattleViewModel.swift */,
				B011 /* SharedUI.swift */,
				B012 /* WorldMapView.swift */,
				B013 /* BattleView.swift */,
				B014 /* BoardView.swift */,
				B015 /* ResultOverlay.swift */,
				B016 /* HeroView.swift */,
				B017 /* InventoryView.swift */,
				B018 /* ShopView.swift */,
				B019 /* BestiaryView.swift */,
				B020 /* SettingsView.swift */,
				B021 /* OnboardingView.swift */,
				B022 /* GemQuestBattleWebPanel.swift */,
				B023 /* GemQuestBattleLoadingScreen.swift */,
				B003 /* Assets.xcassets */,
				C002 /* Info.plist */,
			);
			path = "Gem Quest Battle";
			sourceTree = "<group>";
		};
/* End PBXGroup section */

/* Begin PBXNativeTarget section */
		F001 /* Gem Quest Battle */ = {
			isa = PBXNativeTarget;
			buildConfigurationList = G001 /* Build configuration list for PBXNativeTarget "Gem Quest Battle" */;
			buildPhases = (
				F002 /* Sources */,
				D001 /* Frameworks */,
				F003 /* Resources */,
			);
			buildRules = (
			);
			dependencies = (
			);
			name = "Gem Quest Battle";
			productName = "Gem Quest Battle";
			productReference = C001 /* Gem Quest Battle.app */;
			productType = "com.apple.product-type.application";
		};
/* End PBXNativeTarget section */

/* Begin PBXProject section */
		H001 /* Project object */ = {
			isa = PBXProject;
			attributes = {
				BuildIndependentTargetsInParallel = 1;
				LastSwiftUpdateCheck = 1400;
				LastUpgradeCheck = 1400;
				ORGANIZATIONNAME = "";
				TargetAttributes = {
					F001 = {
						CreatedOnToolsVersion = 14.0;
					};
				};
			};
			buildConfigurationList = G002 /* Build configuration list for PBXProject "Gem Quest Battle" */;
			compatibilityVersion = "Xcode 12.0";
			developmentRegion = en;
			hasScannedForEncodings = 0;
			knownRegions = (
				en,
				Base,
			);
			mainGroup = E001;
			productRefGroup = E002 /* Products */;
			projectDirPath = "";
			projectRoot = "";
			targets = (
				F001 /* Gem Quest Battle */,
			);
		};
/* End PBXProject section */

/* Begin PBXResourcesBuildPhase section */
		F003 /* Resources */ = {
			isa = PBXResourcesBuildPhase;
			buildActionMask = 2147483647;
			files = (
				A003 /* Assets.xcassets in Resources */,
			);
			runOnlyForDeploymentPostprocessing = 0;
		};
/* End PBXResourcesBuildPhase section */

/* Begin PBXSourcesBuildPhase section */
		F002 /* Sources */ = {
			isa = PBXSourcesBuildPhase;
			buildActionMask = 2147483647;
			files = (
				A001 /* GemQuestBattleApp.swift in Sources */,
				A002 /* RootView.swift in Sources */,
				A004 /* SeededRNG.swift in Sources */,
				A005 /* BrandColors.swift in Sources */,
				A006 /* CustomShapes.swift in Sources */,
				A007 /* GameContent.swift in Sources */,
				A008 /* SaveStore.swift in Sources */,
				A009 /* BoardEngine.swift in Sources */,
				A010 /* BattleViewModel.swift in Sources */,
				A011 /* SharedUI.swift in Sources */,
				A012 /* WorldMapView.swift in Sources */,
				A013 /* BattleView.swift in Sources */,
				A014 /* BoardView.swift in Sources */,
				A015 /* ResultOverlay.swift in Sources */,
				A016 /* HeroView.swift in Sources */,
				A017 /* InventoryView.swift in Sources */,
				A018 /* ShopView.swift in Sources */,
				A019 /* BestiaryView.swift in Sources */,
				A020 /* SettingsView.swift in Sources */,
				A021 /* OnboardingView.swift in Sources */,
				A022 /* GemQuestBattleWebPanel.swift in Sources */,
				A023 /* GemQuestBattleLoadingScreen.swift in Sources */,
			);
			runOnlyForDeploymentPostprocessing = 0;
		};
/* End PBXSourcesBuildPhase section */

/* Begin XCBuildConfiguration section */
		I001 /* Debug */ = {
			isa = XCBuildConfiguration;
			buildSettings = {
				ALWAYS_SEARCH_USER_PATHS = NO;
				CLANG_ANALYZER_NONNULL = YES;
				CLANG_ANALYZER_NUMBER_OBJECT_CONVERSION = YES_AGGRESSIVE;
				CLANG_CXX_LANGUAGE_STANDARD = "gnu++17";
				CLANG_ENABLE_MODULES = YES;
				CLANG_ENABLE_OBJC_ARC = YES;
				CLANG_ENABLE_OBJC_WEAK = YES;
				CLANG_WARN_BLOCK_CAPTURE_AUTORELEASING = YES;
				CLANG_WARN_BOOL_CONVERSION = YES;
				CLANG_WARN_COMMA = YES;
				CLANG_WARN_CONSTANT_CONVERSION = YES;
				CLANG_WARN_DEPRECATED_OBJC_IMPLEMENTATIONS = YES;
				CLANG_WARN_DIRECT_OBJC_ISA_USAGE = YES_ERROR;
				CLANG_WARN_DOCUMENTATION_COMMENTS = YES;
				CLANG_WARN_EMPTY_BODY = YES;
				CLANG_WARN_ENUM_CONVERSION = YES;
				CLANG_WARN_INFINITE_RECURSION = YES;
				CLANG_WARN_INT_CONVERSION = YES;
				CLANG_WARN_NON_LITERAL_NULL_CONVERSION = YES;
				CLANG_WARN_OBJC_IMPLICIT_RETAIN_SELF = YES;
				CLANG_WARN_OBJC_LITERAL_CONVERSION = YES;
				CLANG_WARN_OBJC_ROOT_CLASS = YES_ERROR;
				CLANG_WARN_QUOTED_INCLUDE_IN_FRAMEWORK_HEADER = YES;
				CLANG_WARN_RANGE_LOOP_ANALYSIS = YES;
				CLANG_WARN_STRICT_PROTOTYPES = YES;
				CLANG_WARN_SUSPICIOUS_MOVE = YES;
				CLANG_WARN_UNGUARDED_AVAILABILITY = YES_AGGRESSIVE;
				CLANG_WARN_UNREACHABLE_CODE = YES;
				CLANG_WARN__DUPLICATE_METHOD_MATCH = YES;
				COPY_PHASE_STRIP = NO;
				DEBUG_INFORMATION_FORMAT = dwarf;
				ENABLE_STRICT_OBJC_MSGSEND = YES;
				ENABLE_TESTABILITY = YES;
				GCC_C_LANGUAGE_STANDARD = gnu11;
				GCC_DYNAMIC_NO_PIC = NO;
				GCC_NO_COMMON_BLOCKS = YES;
				GCC_OPTIMIZATION_LEVEL = 0;
				GCC_PREPROCESSOR_DEFINITIONS = (
					"DEBUG=1",
					"$(inherited)",
				);
				GCC_WARN_64_TO_32_BIT_CONVERSION = YES;
				GCC_WARN_ABOUT_RETURN_TYPE = YES_ERROR;
				GCC_WARN_UNDECLARED_SELECTOR = YES;
				GCC_WARN_UNINITIALIZED_AUTOS = YES_AGGRESSIVE;
				GCC_WARN_UNUSED_FUNCTION = YES;
				GCC_WARN_UNUSED_VARIABLE = YES;
				IPHONEOS_DEPLOYMENT_TARGET = 15.6;
				MTL_ENABLE_DEBUG_INFO = INCLUDE_SOURCE;
				MTL_FAST_MATH = YES;
				ONLY_ACTIVE_ARCH = YES;
				SDKROOT = iphoneos;
				SWIFT_ACTIVE_COMPILATION_CONDITIONS = DEBUG;
				SWIFT_OPTIMIZATION_LEVEL = "-Onone";
			};
			name = Debug;
		};
		I002 /* Release */ = {
			isa = XCBuildConfiguration;
			buildSettings = {
				ALWAYS_SEARCH_USER_PATHS = NO;
				CLANG_ANALYZER_NONNULL = YES;
				CLANG_ANALYZER_NUMBER_OBJECT_CONVERSION = YES_AGGRESSIVE;
				CLANG_CXX_LANGUAGE_STANDARD = "gnu++17";
				CLANG_ENABLE_MODULES = YES;
				CLANG_ENABLE_OBJC_ARC = YES;
				CLANG_ENABLE_OBJC_WEAK = YES;
				CLANG_WARN_BLOCK_CAPTURE_AUTORELEASING = YES;
				CLANG_WARN_BOOL_CONVERSION = YES;
				CLANG_WARN_COMMA = YES;
				CLANG_WARN_CONSTANT_CONVERSION = YES;
				CLANG_WARN_DEPRECATED_OBJC_IMPLEMENTATIONS = YES;
				CLANG_WARN_DIRECT_OBJC_ISA_USAGE = YES_ERROR;
				CLANG_WARN_DOCUMENTATION_COMMENTS = YES;
				CLANG_WARN_EMPTY_BODY = YES;
				CLANG_WARN_ENUM_CONVERSION = YES;
				CLANG_WARN_INFINITE_RECURSION = YES;
				CLANG_WARN_INT_CONVERSION = YES;
				CLANG_WARN_NON_LITERAL_NULL_CONVERSION = YES;
				CLANG_WARN_OBJC_IMPLICIT_RETAIN_SELF = YES;
				CLANG_WARN_OBJC_LITERAL_CONVERSION = YES;
				CLANG_WARN_OBJC_ROOT_CLASS = YES_ERROR;
				CLANG_WARN_QUOTED_INCLUDE_IN_FRAMEWORK_HEADER = YES;
				CLANG_WARN_RANGE_LOOP_ANALYSIS = YES;
				CLANG_WARN_STRICT_PROTOTYPES = YES;
				CLANG_WARN_SUSPICIOUS_MOVE = YES;
				CLANG_WARN_UNGUARDED_AVAILABILITY = YES_AGGRESSIVE;
				CLANG_WARN_UNREACHABLE_CODE = YES;
				CLANG_WARN__DUPLICATE_METHOD_MATCH = YES;
				COPY_PHASE_STRIP = NO;
				DEBUG_INFORMATION_FORMAT = "dwarf-with-dsym";
				ENABLE_NS_ASSERTIONS = NO;
				ENABLE_STRICT_OBJC_MSGSEND = YES;
				GCC_C_LANGUAGE_STANDARD = gnu11;
				GCC_NO_COMMON_BLOCKS = YES;
				GCC_WARN_64_TO_32_BIT_CONVERSION = YES;
				GCC_WARN_ABOUT_RETURN_TYPE = YES_ERROR;
				GCC_WARN_UNDECLARED_SELECTOR = YES;
				GCC_WARN_UNINITIALIZED_AUTOS = YES_AGGRESSIVE;
				GCC_WARN_UNUSED_FUNCTION = YES;
				GCC_WARN_UNUSED_VARIABLE = YES;
				IPHONEOS_DEPLOYMENT_TARGET = 15.6;
				MTL_ENABLE_DEBUG_INFO = NO;
				MTL_FAST_MATH = YES;
				SDKROOT = iphoneos;
				SWIFT_COMPILATION_MODE = wholemodule;
				SWIFT_OPTIMIZATION_LEVEL = "-O";
				VALIDATE_PRODUCT = YES;
			};
			name = Release;
		};
		I003 /* Debug */ = {
			isa = XCBuildConfiguration;
			buildSettings = {
				ASSETCATALOG_COMPILER_APPICON_NAME = AppIcon;
				CODE_SIGN_STYLE = Manual;
				CURRENT_PROJECT_VERSION = 1;
				DEVELOPMENT_ASSET_PATHS = "";
				ENABLE_PREVIEWS = YES;
				GENERATE_INFOPLIST_FILE = NO;
				INFOPLIST_FILE = "Gem Quest Battle/Info.plist";
				INFOPLIST_KEY_UIApplicationSupportsIndirectInputEvents = YES;
				INFOPLIST_KEY_UILaunchScreen_Generation = YES;
				INFOPLIST_KEY_UISupportedInterfaceOrientations = "UIInterfaceOrientationPortrait UIInterfaceOrientationLandscapeLeft UIInterfaceOrientationLandscapeRight";
				INFOPLIST_KEY_UISupportedInterfaceOrientations_iPad = "UIInterfaceOrientationPortrait UIInterfaceOrientationPortraitUpsideDown UIInterfaceOrientationLandscapeLeft UIInterfaceOrientationLandscapeRight";
				IPHONEOS_DEPLOYMENT_TARGET = 15.6;
				LD_RUNPATH_SEARCH_PATHS = (
					"$(inherited)",
					"@executable_path/Frameworks",
				);
				MARKETING_VERSION = 1.0;
				PRODUCT_BUNDLE_IDENTIFIER = com.gemquestbattle.gemquestbattle;
				PRODUCT_NAME = "$(TARGET_NAME)";
				SUPPORTED_PLATFORMS = "iphoneos iphonesimulator";
				SWIFT_EMIT_LOC_STRINGS = YES;
				SWIFT_VERSION = 5.0;
				SUPPORTS_MACCATALYST = NO;
				SUPPORTS_MAC_DESIGNED_FOR_IPHONE_IPAD = NO;
				SUPPORTS_XR_DESIGNED_FOR_IPHONE_IPAD = NO;
				TARGETED_DEVICE_FAMILY = 1;
			};
			name = Debug;
		};
		I004 /* Release */ = {
			isa = XCBuildConfiguration;
			buildSettings = {
				ASSETCATALOG_COMPILER_APPICON_NAME = AppIcon;
				CODE_SIGN_STYLE = Manual;
				CURRENT_PROJECT_VERSION = 1;
				DEVELOPMENT_ASSET_PATHS = "";
				ENABLE_PREVIEWS = YES;
				GENERATE_INFOPLIST_FILE = NO;
				INFOPLIST_FILE = "Gem Quest Battle/Info.plist";
				INFOPLIST_KEY_UIApplicationSupportsIndirectInputEvents = YES;
				INFOPLIST_KEY_UILaunchScreen_Generation = YES;
				INFOPLIST_KEY_UISupportedInterfaceOrientations = "UIInterfaceOrientationPortrait UIInterfaceOrientationLandscapeLeft UIInterfaceOrientationLandscapeRight";
				INFOPLIST_KEY_UISupportedInterfaceOrientations_iPad = "UIInterfaceOrientationPortrait UIInterfaceOrientationPortraitUpsideDown UIInterfaceOrientationLandscapeLeft UIInterfaceOrientationLandscapeRight";
				IPHONEOS_DEPLOYMENT_TARGET = 15.6;
				LD_RUNPATH_SEARCH_PATHS = (
					"$(inherited)",
					"@executable_path/Frameworks",
				);
				MARKETING_VERSION = 1.0;
				PRODUCT_BUNDLE_IDENTIFIER = com.gemquestbattle.gemquestbattle;
				PRODUCT_NAME = "$(TARGET_NAME)";
				SUPPORTED_PLATFORMS = "iphoneos iphonesimulator";
				SWIFT_EMIT_LOC_STRINGS = YES;
				SWIFT_VERSION = 5.0;
				SUPPORTS_MACCATALYST = NO;
				SUPPORTS_MAC_DESIGNED_FOR_IPHONE_IPAD = NO;
				SUPPORTS_XR_DESIGNED_FOR_IPHONE_IPAD = NO;
				TARGETED_DEVICE_FAMILY = 1;
			};
			name = Release;
		};
/* End XCBuildConfiguration section */

/* Begin XCConfigurationList section */
		G001 /* Build configuration list for PBXNativeTarget "Gem Quest Battle" */ = {
			isa = XCConfigurationList;
			buildConfigurations = (
				I003 /* Debug */,
				I004 /* Release */,
			);
			defaultConfigurationIsVisible = 0;
			defaultConfigurationName = Release;
		};
		G002 /* Build configuration list for PBXProject "Gem Quest Battle" */ = {
			isa = XCConfigurationList;
			buildConfigurations = (
				I001 /* Debug */,
				I002 /* Release */,
			);
			defaultConfigurationIsVisible = 0;
			defaultConfigurationName = Release;
		};
/* End XCConfigurationList section */
	};
	rootObject = H001 /* Project object */;
}
